
Microsoft Visual Studio Solution File, Format Version 12.00
# Visual Studio Version 16
VisualStudioVersion = 16.0.29230.47
MinimumVisualStudioVersion = 10.0.40219.1
Project("{FAE04EC0-301F-11D3-BF4B-00C04F79EFBC}") = "7", "7\7.csproj", "{BC2B2469-28D9-42BE-AF43-436AEC2ADB8F}"
EndProject
Global
	GlobalSection(SolutionConfigurationPlatforms) = preSolution
		Debug|Any CPU = Debug|Any CPU
		Release|Any CPU = Release|Any CPU
	EndGlobalSection
	GlobalSection(ProjectConfigurationPlatforms) = postSolution
		{BC2B2469-28D9-42BE-AF43-436AEC2ADB8F}.Debug|Any CPU.ActiveCfg = Debug|Any CPU
		{BC2B2469-28D9-42BE-AF43-436AEC2ADB8F}.Debug|Any CPU.Build.0 = Debug|Any CPU
		{BC2B2469-28D9-42BE-AF43-436AEC2ADB8F}.Release|Any CPU.ActiveCfg = Release|Any CPU
		{BC2B2469-28D9-42BE-AF43-436AEC2ADB8F}.Release|Any CPU.Build.0 = Release|Any CPU
	EndGlobalSection
	GlobalSection(SolutionProperties) = preSolution
		HideSolutionNode = FALSE
	EndGlobalSection
	GlobalSection(ExtensibilityGlobals) = postSolution
		SolutionGuid = {33BBE7ED-F369-462A-BC3A-85C1FFEC2BE4}
	EndGlobalSection
EndGlobal
